
Microsoft Visual Studio Solution File, Format Version 12.00
# Visual Studio Version 17
VisualStudioVersion = 17.1.32414.318
MinimumVisualStudioVersion = 10.0.40219.1
Project("{FAE04EC0-301F-11D3-BF4B-00C04F79EFBC}") = "KYRSOVAYAOOP", "KYRSOVAYAOOP\KYRSOVAYAOOP.csproj", "{7A6F2529-12A4-4A50-AB9F-FB76057B7693}"
EndProject
Global
	GlobalSection(SolutionConfigurationPlatforms) = preSolution
		Debug|Any CPU = Debug|Any CPU
		Release|Any CPU = Release|Any CPU
	EndGlobalSection
	GlobalSection(ProjectConfigurationPlatforms) = postSolution
		{7A6F2529-12A4-4A50-AB9F-FB76057B7693}.Debug|Any CPU.ActiveCfg = Debug|Any CPU
		{7A6F2529-12A4-4A50-AB9F-FB76057B7693}.Debug|Any CPU.Build.0 = Debug|Any CPU
		{7A6F2529-12A4-4A50-AB9F-FB76057B7693}.Release|Any CPU.ActiveCfg = Release|Any CPU
		{7A6F2529-12A4-4A50-AB9F-FB76057B7693}.Release|Any CPU.Build.0 = Release|Any CPU
	EndGlobalSection
	GlobalSection(SolutionProperties) = preSolution
		HideSolutionNode = FALSE
	EndGlobalSection
	GlobalSection(ExtensibilityGlobals) = postSolution
		SolutionGuid = {DEB35826-A6CA-48D6-8E01-2A3714F6A703}
	EndGlobalSection
EndGlobal
